
Microsoft Visual Studio Solution File, Format Version 12.00
# Visual Studio Version 17
VisualStudioVersion = 17.5.002.0
MinimumVisualStudioVersion = 10.0.40219.1
Project("{2150E333-8FDC-42A3-9474-1A3956D46DE8}") = "src", "src", "{DF51CA60-0705-47C1-8005-AE0A0A924F84}"
EndProject
Project("{9A19103F-16F7-4668-BE54-9A1E7A4F7556}") = "PEAKLib.Core", "src\PEAKLib.Core\PEAKLib.Core.csproj", "{FA5019E6-A79F-47A0-93F7-CAAAFC252E26}"
EndProject
Project("{9A19103F-16F7-4668-BE54-9A1E7A4F7556}") = "PEAKLib.Items", "src\PEAKLib.Items\PEAKLib.Items.csproj", "{E2B6F354-EADE-4897-9B6E-4CB427FEF067}"
EndProject
Project("{9A19103F-16F7-4668-BE54-9A1E7A4F7556}") = "PEAKLib.UI", "src\PEAKLib.UI\PEAKLib.UI.csproj", "{BD821F8C-CD7D-499B-BD5E-3EAB54B61BBC}"
EndProject
Project("{9A19103F-16F7-4668-BE54-9A1E7A4F7556}") = "PEAKLib.ModConfig", "src\PEAKLib.ModConfig\PEAKLib.ModConfig.csproj", "{A7947D04-E496-4815-98AB-ED2E1C8A67B5}"
EndProject
Project("{2150E333-8FDC-42A3-9474-1A3956D46DE8}") = "tests", "tests", "{74A6796A-CABF-419A-894A-041B196C2C6A}"
EndProject
Project("{9A19103F-16F7-4668-BE54-9A1E7A4F7556}") = "PEAKLib.Tests", "tests\PEAKLib.Tests\PEAKLib.Tests.csproj", "{43FC1634-7AEA-4877-975C-F4B32121596B}"
EndProject
Project("{9A19103F-16F7-4668-BE54-9A1E7A4F7556}") = "PEAKLib.Stats", "src\PeakLib.Stats\PEAKLib.Stats.csproj", "{3ABD2ED7-E00A-4A84-AB54-652E0AB8EEBA}"
EndProject
Global
	GlobalSection(SolutionConfigurationPlatforms) = preSolution
		Debug|Any CPU = Debug|Any CPU
		Release|Any CPU = Release|Any CPU
	EndGlobalSection
	GlobalSection(ProjectConfigurationPlatforms) = postSolution
		{FA5019E6-A79F-47A0-93F7-CAAAFC252E26}.Debug|Any CPU.ActiveCfg = Debug|Any CPU
		{FA5019E6-A79F-47A0-93F7-CAAAFC252E26}.Debug|Any CPU.Build.0 = Debug|Any CPU
		{FA5019E6-A79F-47A0-93F7-CAAAFC252E26}.Release|Any CPU.ActiveCfg = Release|Any CPU
		{FA5019E6-A79F-47A0-93F7-CAAAFC252E26}.Release|Any CPU.Build.0 = Release|Any CPU
		{E2B6F354-EADE-4897-9B6E-4CB427FEF067}.Debug|Any CPU.ActiveCfg = Debug|Any CPU
		{E2B6F354-EADE-4897-9B6E-4CB427FEF067}.Debug|Any CPU.Build.0 = Debug|Any CPU
		{E2B6F354-EADE-4897-9B6E-4CB427FEF067}.Release|Any CPU.ActiveCfg = Release|Any CPU
		{E2B6F354-EADE-4897-9B6E-4CB427FEF067}.Release|Any CPU.Build.0 = Release|Any CPU
		{BD821F8C-CD7D-499B-BD5E-3EAB54B61BBC}.Debug|Any CPU.ActiveCfg = Debug|Any CPU
		{BD821F8C-CD7D-499B-BD5E-3EAB54B61BBC}.Debug|Any CPU.Build.0 = Debug|Any CPU
		{BD821F8C-CD7D-499B-BD5E-3EAB54B61BBC}.Release|Any CPU.ActiveCfg = Release|Any CPU
		{BD821F8C-CD7D-499B-BD5E-3EAB54B61BBC}.Release|Any CPU.Build.0 = Release|Any CPU
		{A7947D04-E496-4815-98AB-ED2E1C8A67B5}.Debug|Any CPU.ActiveCfg = Debug|Any CPU
		{A7947D04-E496-4815-98AB-ED2E1C8A67B5}.Debug|Any CPU.Build.0 = Debug|Any CPU
		{A7947D04-E496-4815-98AB-ED2E1C8A67B5}.Release|Any CPU.ActiveCfg = Release|Any CPU
		{A7947D04-E496-4815-98AB-ED2E1C8A67B5}.Release|Any CPU.Build.0 = Release|Any CPU
		{43FC1634-7AEA-4877-975C-F4B32121596B}.Debug|Any CPU.ActiveCfg = Debug|Any CPU
		{43FC1634-7AEA-4877-975C-F4B32121596B}.Debug|Any CPU.Build.0 = Debug|Any CPU
		{43FC1634-7AEA-4877-975C-F4B32121596B}.Release|Any CPU.ActiveCfg = Release|Any CPU
		{43FC1634-7AEA-4877-975C-F4B32121596B}.Release|Any CPU.Build.0 = Release|Any CPU
		{3ABD2ED7-E00A-4A84-AB54-652E0AB8EEBA}.Debug|Any CPU.ActiveCfg = Debug|Any CPU
		{3ABD2ED7-E00A-4A84-AB54-652E0AB8EEBA}.Debug|Any CPU.Build.0 = Debug|Any CPU
		{3ABD2ED7-E00A-4A84-AB54-652E0AB8EEBA}.Release|Any CPU.ActiveCfg = Release|Any CPU
		{3ABD2ED7-E00A-4A84-AB54-652E0AB8EEBA}.Release|Any CPU.Build.0 = Release|Any CPU
	EndGlobalSection
	GlobalSection(SolutionProperties) = preSolution
		HideSolutionNode = FALSE
	EndGlobalSection
	GlobalSection(NestedProjects) = preSolution
		{FA5019E6-A79F-47A0-93F7-CAAAFC252E26} = {DF51CA60-0705-47C1-8005-AE0A0A924F84}
		{E2B6F354-EADE-4897-9B6E-4CB427FEF067} = {DF51CA60-0705-47C1-8005-AE0A0A924F84}
		{BD821F8C-CD7D-499B-BD5E-3EAB54B61BBC} = {DF51CA60-0705-47C1-8005-AE0A0A924F84}
		{A7947D04-E496-4815-98AB-ED2E1C8A67B5} = {DF51CA60-0705-47C1-8005-AE0A0A924F84}
		{43FC1634-7AEA-4877-975C-F4B32121596B} = {74A6796A-CABF-419A-894A-041B196C2C6A}
		{3ABD2ED7-E00A-4A84-AB54-652E0AB8EEBA} = {DF51CA60-0705-47C1-8005-AE0A0A924F84}
	EndGlobalSection
	GlobalSection(ExtensibilityGlobals) = postSolution
		SolutionGuid = {92F6D475-68F0-44D6-A1AF-A28F5948E381}
	EndGlobalSection
EndGlobal
