
Microsoft Visual Studio Solution File, Format Version 12.00
# Visual Studio Version 17
VisualStudioVersion = 17.5.002.0
MinimumVisualStudioVersion = 10.0.40219.1
Project("{2150E333-8FDC-42A3-9474-1A3956D46DE8}") = "src", "src", "{DF51CA60-0705-47C1-8005-AE0A0A924F84}"
EndProject
Project("{9A19103F-16F7-4668-BE54-9A1E7A4F7556}") = "PEAKLib.Core", "src\PEAKLib.Core\PEAKLib.Core.csproj", "{FA5019E6-A79F-47A0-93F7-CAAAFC252E26}"
EndProject
Project("{FAE04EC0-301F-11D3-BF4B-00C04F79EFBC}") = "PEAKLib.Items", "src\PEAKLib.Items\PEAKLib.Items.csproj", "{E2B6F354-EADE-4897-9B6E-4CB427FEF067}"
EndProject
Project("{FAE04EC0-301F-11D3-BF4B-00C04F79EFBC}") = "PEAKLib.UI", "src\PEAKLib.UI\PEAKLib.UI.csproj", "{BD821F8C-CD7D-499B-BD5E-3EAB54B61BBC}"
EndProject
Global
	GlobalSection(SolutionConfigurationPlatforms) = preSolution
		Debug|Any CPU = Debug|Any CPU
		Release|Any CPU = Release|Any CPU
	EndGlobalSection
	GlobalSection(ProjectConfigurationPlatforms) = postSolution
		{FA5019E6-A79F-47A0-93F7-CAAAFC252E26}.Debug|Any CPU.ActiveCfg = Debug|Any CPU
		{FA5019E6-A79F-47A0-93F7-CAAAFC252E26}.Debug|Any CPU.Build.0 = Debug|Any CPU
		{FA5019E6-A79F-47A0-93F7-CAAAFC252E26}.Release|Any CPU.ActiveCfg = Release|Any CPU
		{FA5019E6-A79F-47A0-93F7-CAAAFC252E26}.Release|Any CPU.Build.0 = Release|Any CPU
		{E2B6F354-EADE-4897-9B6E-4CB427FEF067}.Debug|Any CPU.ActiveCfg = Debug|Any CPU
		{E2B6F354-EADE-4897-9B6E-4CB427FEF067}.Debug|Any CPU.Build.0 = Debug|Any CPU
		{E2B6F354-EADE-4897-9B6E-4CB427FEF067}.Release|Any CPU.ActiveCfg = Release|Any CPU
		{E2B6F354-EADE-4897-9B6E-4CB427FEF067}.Release|Any CPU.Build.0 = Release|Any CPU
		{BD821F8C-CD7D-499B-BD5E-3EAB54B61BBC}.Debug|Any CPU.ActiveCfg = Debug|Any CPU
		{BD821F8C-CD7D-499B-BD5E-3EAB54B61BBC}.Debug|Any CPU.Build.0 = Debug|Any CPU
		{BD821F8C-CD7D-499B-BD5E-3EAB54B61BBC}.Release|Any CPU.ActiveCfg = Release|Any CPU
		{BD821F8C-CD7D-499B-BD5E-3EAB54B61BBC}.Release|Any CPU.Build.0 = Release|Any CPU
	EndGlobalSection
	GlobalSection(SolutionProperties) = preSolution
		HideSolutionNode = FALSE
	EndGlobalSection
	GlobalSection(NestedProjects) = preSolution
		{FA5019E6-A79F-47A0-93F7-CAAAFC252E26} = {DF51CA60-0705-47C1-8005-AE0A0A924F84}
		{E2B6F354-EADE-4897-9B6E-4CB427FEF067} = {DF51CA60-0705-47C1-8005-AE0A0A924F84}
		{BD821F8C-CD7D-499B-BD5E-3EAB54B61BBC} = {DF51CA60-0705-47C1-8005-AE0A0A924F84}
	EndGlobalSection
	GlobalSection(ExtensibilityGlobals) = postSolution
		SolutionGuid = {92F6D475-68F0-44D6-A1AF-A28F5948E381}
	EndGlobalSection
EndGlobal
